
Microsoft Visual Studio Solution File, Format Version 12.00
# Visual Studio Version 16
VisualStudioVersion = 16.0.32002.261
MinimumVisualStudioVersion = 10.0.40219.1
Project("{9A19103F-16F7-4668-BE54-9A1E7A4F7556}") = "R5T.NG0001", "R5T.NG0001\R5T.NG0001.csproj", "{46D2F53C-0F42-4689-99F4-6A39E02BD48A}"
EndProject
Project("{9A19103F-16F7-4668-BE54-9A1E7A4F7556}") = "R5T.NG0001.Q000", "R5T.NG0001.Q000\R5T.NG0001.Q000.csproj", "{896CB101-DE13-4010-8B31-6D511E7F652E}"
EndProject
Project("{2150E333-8FDC-42A3-9474-1A3956D46DE8}") = "_Dependencies", "_Dependencies", "{C7C1DAC3-157D-44EF-8917-3F6CC0CB2C28}"
EndProject
Project("{9A19103F-16F7-4668-BE54-9A1E7A4F7556}") = "R5T.T0141", "..\..\R5T.T0141\source\R5T.T0141\R5T.T0141.csproj", "{B2CEC2B9-5A5B-48D2-A28C-414588F4B9F4}"
EndProject
Project("{9A19103F-16F7-4668-BE54-9A1E7A4F7556}") = "R5T.T0132", "..\..\R5T.T0132\source\R5T.T0132\R5T.T0132.csproj", "{61B28E1C-361B-495B-B3A8-8EB52B3F41C7}"
EndProject
Project("{9A19103F-16F7-4668-BE54-9A1E7A4F7556}") = "R5T.T0131", "..\..\R5T.T0131\source\R5T.T0131\R5T.T0131.csproj", "{3D455A34-C88A-4681-9246-3E3B9881872D}"
EndProject
Global
	GlobalSection(SolutionConfigurationPlatforms) = preSolution
		Debug|Any CPU = Debug|Any CPU
		Release|Any CPU = Release|Any CPU
	EndGlobalSection
	GlobalSection(ProjectConfigurationPlatforms) = postSolution
		{46D2F53C-0F42-4689-99F4-6A39E02BD48A}.Debug|Any CPU.ActiveCfg = Debug|Any CPU
		{46D2F53C-0F42-4689-99F4-6A39E02BD48A}.Debug|Any CPU.Build.0 = Debug|Any CPU
		{46D2F53C-0F42-4689-99F4-6A39E02BD48A}.Release|Any CPU.ActiveCfg = Release|Any CPU
		{46D2F53C-0F42-4689-99F4-6A39E02BD48A}.Release|Any CPU.Build.0 = Release|Any CPU
		{896CB101-DE13-4010-8B31-6D511E7F652E}.Debug|Any CPU.ActiveCfg = Debug|Any CPU
		{896CB101-DE13-4010-8B31-6D511E7F652E}.Debug|Any CPU.Build.0 = Debug|Any CPU
		{896CB101-DE13-4010-8B31-6D511E7F652E}.Release|Any CPU.ActiveCfg = Release|Any CPU
		{896CB101-DE13-4010-8B31-6D511E7F652E}.Release|Any CPU.Build.0 = Release|Any CPU
		{B2CEC2B9-5A5B-48D2-A28C-414588F4B9F4}.Debug|Any CPU.ActiveCfg = Debug|Any CPU
		{B2CEC2B9-5A5B-48D2-A28C-414588F4B9F4}.Debug|Any CPU.Build.0 = Debug|Any CPU
		{B2CEC2B9-5A5B-48D2-A28C-414588F4B9F4}.Release|Any CPU.ActiveCfg = Release|Any CPU
		{B2CEC2B9-5A5B-48D2-A28C-414588F4B9F4}.Release|Any CPU.Build.0 = Release|Any CPU
		{61B28E1C-361B-495B-B3A8-8EB52B3F41C7}.Debug|Any CPU.ActiveCfg = Debug|Any CPU
		{61B28E1C-361B-495B-B3A8-8EB52B3F41C7}.Debug|Any CPU.Build.0 = Debug|Any CPU
		{61B28E1C-361B-495B-B3A8-8EB52B3F41C7}.Release|Any CPU.ActiveCfg = Release|Any CPU
		{61B28E1C-361B-495B-B3A8-8EB52B3F41C7}.Release|Any CPU.Build.0 = Release|Any CPU
		{3D455A34-C88A-4681-9246-3E3B9881872D}.Debug|Any CPU.ActiveCfg = Debug|Any CPU
		{3D455A34-C88A-4681-9246-3E3B9881872D}.Debug|Any CPU.Build.0 = Debug|Any CPU
		{3D455A34-C88A-4681-9246-3E3B9881872D}.Release|Any CPU.ActiveCfg = Release|Any CPU
		{3D455A34-C88A-4681-9246-3E3B9881872D}.Release|Any CPU.Build.0 = Release|Any CPU
	EndGlobalSection
	GlobalSection(SolutionProperties) = preSolution
		HideSolutionNode = FALSE
	EndGlobalSection
	GlobalSection(NestedProjects) = preSolution
		{46D2F53C-0F42-4689-99F4-6A39E02BD48A} = {C7C1DAC3-157D-44EF-8917-3F6CC0CB2C28}
		{B2CEC2B9-5A5B-48D2-A28C-414588F4B9F4} = {C7C1DAC3-157D-44EF-8917-3F6CC0CB2C28}
		{61B28E1C-361B-495B-B3A8-8EB52B3F41C7} = {C7C1DAC3-157D-44EF-8917-3F6CC0CB2C28}
		{3D455A34-C88A-4681-9246-3E3B9881872D} = {C7C1DAC3-157D-44EF-8917-3F6CC0CB2C28}
	EndGlobalSection
	GlobalSection(ExtensibilityGlobals) = postSolution
		SolutionGuid = {3BFC1DE7-D82F-4D09-A00B-CA269AC7EC2B}
	EndGlobalSection
EndGlobal
